# THIS IS AN AUTOGENERATED FILE. DO NOT EDIT THIS FILE DIRECTLY.
# yarn lockfile v1
"@boennemann/semver-fail-module@^1.0.0":
  version "1.0.1"
  resolved "https://registry.yarnpkg.com/@boennemann/semver-fail-module/-/semver-fail-module-1.0.1.tgz#c6e8e3639522f0c47fd3199ef1b495fd98e1e751"

"@boennemann/yarn-test-module":
  version "1.0.0"
  resolved "https://registry.yarnpkg.com/@boennemann/yarn-test-module/-/yarn-test-module-1.0.0.tgz#8e49053a5b1e91203879a137cf6092f2245f36d5"
  dependencies:
    "@boennemann/semver-fail-module" "^1.0.0"

